
Microsoft Visual Studio Solution File, Format Version 12.00
# Visual Studio Version 16
VisualStudioVersion = 16.0.31911.196
MinimumVisualStudioVersion = 10.0.40219.1
Project("{FAE04EC0-301F-11D3-BF4B-00C04F79EFBC}") = "ConsoleApp11", "ConsoleApp11\ConsoleApp11.csproj", "{E332DB46-42F5-441F-9F15-37654E8F050D}"
EndProject
Global
	GlobalSection(SolutionConfigurationPlatforms) = preSolution
		Debug|Any CPU = Debug|Any CPU
		Release|Any CPU = Release|Any CPU
	EndGlobalSection
	GlobalSection(ProjectConfigurationPlatforms) = postSolution
		{E332DB46-42F5-441F-9F15-37654E8F050D}.Debug|Any CPU.ActiveCfg = Debug|Any CPU
		{E332DB46-42F5-441F-9F15-37654E8F050D}.Debug|Any CPU.Build.0 = Debug|Any CPU
		{E332DB46-42F5-441F-9F15-37654E8F050D}.Release|Any CPU.ActiveCfg = Release|Any CPU
		{E332DB46-42F5-441F-9F15-37654E8F050D}.Release|Any CPU.Build.0 = Release|Any CPU
	EndGlobalSection
	GlobalSection(SolutionProperties) = preSolution
		HideSolutionNode = FALSE
	EndGlobalSection
	GlobalSection(ExtensibilityGlobals) = postSolution
		SolutionGuid = {CBDC3C8E-0B2C-4CEE-8DB8-ED9E05F6030F}
	EndGlobalSection
EndGlobal
